
Microsoft Visual Studio Solution File, Format Version 12.00
# Visual Studio Version 16
VisualStudioVersion = 16.0.30907.101
MinimumVisualStudioVersion = 10.0.40219.1
Project("{9A19103F-16F7-4668-BE54-9A1E7A4F7556}") = "Task_1", "Task_1\Task_1.csproj", "{AA84949F-BB5B-49F3-8C59-3EED4742729A}"
EndProject
Project("{9A19103F-16F7-4668-BE54-9A1E7A4F7556}") = "Task_2", "Task_2\Task_2.csproj", "{9DA0BEEE-E18A-4574-B50A-A306865BB87E}"
EndProject
Project("{9A19103F-16F7-4668-BE54-9A1E7A4F7556}") = "Task_3", "Task_3\Task_3.csproj", "{204B82EB-528A-44A8-9028-8FD09E5D5EE3}"
EndProject
Project("{FAE04EC0-301F-11D3-BF4B-00C04F79EFBC}") = "Task_4", "Task_4\Task_4.csproj", "{514E005E-D76C-4230-B61B-516286EF8494}"
EndProject
Global
	GlobalSection(SolutionConfigurationPlatforms) = preSolution
		Debug|Any CPU = Debug|Any CPU
		Release|Any CPU = Release|Any CPU
	EndGlobalSection
	GlobalSection(ProjectConfigurationPlatforms) = postSolution
		{AA84949F-BB5B-49F3-8C59-3EED4742729A}.Debug|Any CPU.ActiveCfg = Debug|Any CPU
		{AA84949F-BB5B-49F3-8C59-3EED4742729A}.Debug|Any CPU.Build.0 = Debug|Any CPU
		{AA84949F-BB5B-49F3-8C59-3EED4742729A}.Release|Any CPU.ActiveCfg = Release|Any CPU
		{AA84949F-BB5B-49F3-8C59-3EED4742729A}.Release|Any CPU.Build.0 = Release|Any CPU
		{9DA0BEEE-E18A-4574-B50A-A306865BB87E}.Debug|Any CPU.ActiveCfg = Debug|Any CPU
		{9DA0BEEE-E18A-4574-B50A-A306865BB87E}.Debug|Any CPU.Build.0 = Debug|Any CPU
		{9DA0BEEE-E18A-4574-B50A-A306865BB87E}.Release|Any CPU.ActiveCfg = Release|Any CPU
		{9DA0BEEE-E18A-4574-B50A-A306865BB87E}.Release|Any CPU.Build.0 = Release|Any CPU
		{204B82EB-528A-44A8-9028-8FD09E5D5EE3}.Debug|Any CPU.ActiveCfg = Debug|Any CPU
		{204B82EB-528A-44A8-9028-8FD09E5D5EE3}.Debug|Any CPU.Build.0 = Debug|Any CPU
		{204B82EB-528A-44A8-9028-8FD09E5D5EE3}.Release|Any CPU.ActiveCfg = Release|Any CPU
		{204B82EB-528A-44A8-9028-8FD09E5D5EE3}.Release|Any CPU.Build.0 = Release|Any CPU
		{514E005E-D76C-4230-B61B-516286EF8494}.Debug|Any CPU.ActiveCfg = Debug|Any CPU
		{514E005E-D76C-4230-B61B-516286EF8494}.Debug|Any CPU.Build.0 = Debug|Any CPU
		{514E005E-D76C-4230-B61B-516286EF8494}.Release|Any CPU.ActiveCfg = Release|Any CPU
		{514E005E-D76C-4230-B61B-516286EF8494}.Release|Any CPU.Build.0 = Release|Any CPU
	EndGlobalSection
	GlobalSection(SolutionProperties) = preSolution
		HideSolutionNode = FALSE
	EndGlobalSection
	GlobalSection(ExtensibilityGlobals) = postSolution
		SolutionGuid = {9ED2F85E-8896-4E88-BE15-E17F776F850E}
	EndGlobalSection
EndGlobal
