
Microsoft Visual Studio Solution File, Format Version 12.00
# Visual Studio Version 16
VisualStudioVersion = 16.0.30907.101
MinimumVisualStudioVersion = 10.0.40219.1
Project("{FAE04EC0-301F-11D3-BF4B-00C04F79EFBC}") = "Task_1", "Lesson_2\Task_1.csproj", "{21CD2298-0D1B-4B05-AABF-ACAB999A3716}"
EndProject
Project("{FAE04EC0-301F-11D3-BF4B-00C04F79EFBC}") = "Task_2", "Task2\Task_2.csproj", "{99CC72C4-8170-4C1F-B452-C5ECF8BEDB93}"
EndProject
Project("{FAE04EC0-301F-11D3-BF4B-00C04F79EFBC}") = "Task_3", "Task_3\Task_3.csproj", "{A56B1BA0-E58F-4DDA-8EA4-487BFF1C650D}"
EndProject
Global
	GlobalSection(SolutionConfigurationPlatforms) = preSolution
		Debug|Any CPU = Debug|Any CPU
		Release|Any CPU = Release|Any CPU
	EndGlobalSection
	GlobalSection(ProjectConfigurationPlatforms) = postSolution
		{21CD2298-0D1B-4B05-AABF-ACAB999A3716}.Debug|Any CPU.ActiveCfg = Debug|Any CPU
		{21CD2298-0D1B-4B05-AABF-ACAB999A3716}.Debug|Any CPU.Build.0 = Debug|Any CPU
		{21CD2298-0D1B-4B05-AABF-ACAB999A3716}.Release|Any CPU.ActiveCfg = Release|Any CPU
		{21CD2298-0D1B-4B05-AABF-ACAB999A3716}.Release|Any CPU.Build.0 = Release|Any CPU
		{99CC72C4-8170-4C1F-B452-C5ECF8BEDB93}.Debug|Any CPU.ActiveCfg = Debug|Any CPU
		{99CC72C4-8170-4C1F-B452-C5ECF8BEDB93}.Debug|Any CPU.Build.0 = Debug|Any CPU
		{99CC72C4-8170-4C1F-B452-C5ECF8BEDB93}.Release|Any CPU.ActiveCfg = Release|Any CPU
		{99CC72C4-8170-4C1F-B452-C5ECF8BEDB93}.Release|Any CPU.Build.0 = Release|Any CPU
		{A56B1BA0-E58F-4DDA-8EA4-487BFF1C650D}.Debug|Any CPU.ActiveCfg = Debug|Any CPU
		{A56B1BA0-E58F-4DDA-8EA4-487BFF1C650D}.Debug|Any CPU.Build.0 = Debug|Any CPU
		{A56B1BA0-E58F-4DDA-8EA4-487BFF1C650D}.Release|Any CPU.ActiveCfg = Release|Any CPU
		{A56B1BA0-E58F-4DDA-8EA4-487BFF1C650D}.Release|Any CPU.Build.0 = Release|Any CPU
	EndGlobalSection
	GlobalSection(SolutionProperties) = preSolution
		HideSolutionNode = FALSE
	EndGlobalSection
	GlobalSection(ExtensibilityGlobals) = postSolution
		SolutionGuid = {61F478C3-B9EE-41AC-AC04-4DD635835426}
	EndGlobalSection
EndGlobal
